// !$*UTF8*$!
{
	archiveVersion = 1;
	classes = {
	};
	objectVersion = 46;
	objects = {

/* Begin PBXBuildFile section */
		904E6BC31BE90069002ADFFE /* TimeflowTableViewCell.xib in Resources */ = {isa = PBXBuildFile; fileRef = 904E6BC21BE90069002ADFFE /* TimeflowTableViewCell.xib */; };
		9071B5F01BEB30F7004C78A1 /* TimeflowViewController.m in Sources */ = {isa = PBXBuildFile; fileRef = 9071B5EF1BEB30F7004C78A1 /* TimeflowViewController.m */; settings = {ASSET_TAGS = (); }; };
		9071B5F41BEB34C1004C78A1 /* FlowContentTableViewCell.m in Sources */ = {isa = PBXBuildFile; fileRef = 9071B5F21BEB34C1004C78A1 /* FlowContentTableViewCell.m */; settings = {ASSET_TAGS = (); }; };
		9071B5F71BEB38EB004C78A1 /* FlowContentTableViewCell.xib in Resources */ = {isa = PBXBuildFile; fileRef = 9071B5F61BEB38EB004C78A1 /* FlowContentTableViewCell.xib */; settings = {ASSET_TAGS = (); }; };
		9077718E1BE8600E0076CBB2 /* BasicNavigationController.m in Sources */ = {isa = PBXBuildFile; fileRef = 907771891BE8600E0076CBB2 /* BasicNavigationController.m */; };
		9077718F1BE8600E0076CBB2 /* BasicViewController.m in Sources */ = {isa = PBXBuildFile; fileRef = 9077718B1BE8600E0076CBB2 /* BasicViewController.m */; };
		907771901BE8600E0076CBB2 /* MainTabBarViewController.m in Sources */ = {isa = PBXBuildFile; fileRef = 9077718D1BE8600E0076CBB2 /* MainTabBarViewController.m */; };
		907771961BE861270076CBB2 /* LookViewController.m in Sources */ = {isa = PBXBuildFile; fileRef = 907771951BE861270076CBB2 /* LookViewController.m */; };
		907771A11BE87D4B0076CBB2 /* UIView+Frame.m in Sources */ = {isa = PBXBuildFile; fileRef = 907771A01BE87D4B0076CBB2 /* UIView+Frame.m */; };
		907771A41BE87E820076CBB2 /* CommonMacros.h in Sources */ = {isa = PBXBuildFile; fileRef = 907771A31BE87E820076CBB2 /* CommonMacros.h */; };
		907771A71BE884070076CBB2 /* message.wav in Resources */ = {isa = PBXBuildFile; fileRef = 907771A61BE884070076CBB2 /* message.wav */; };
		907771A91BE8841D0076CBB2 /* scan.wav in Resources */ = {isa = PBXBuildFile; fileRef = 907771A81BE8841D0076CBB2 /* scan.wav */; };
		907771AD1BE8859D0076CBB2 /* BasicView.m in Sources */ = {isa = PBXBuildFile; fileRef = 907771AC1BE8859D0076CBB2 /* BasicView.m */; };
		907771B01BE894FA0076CBB2 /* UIFont+Type.m in Sources */ = {isa = PBXBuildFile; fileRef = 907771AF1BE894FA0076CBB2 /* UIFont+Type.m */; };
		907771B31BE898A10076CBB2 /* UILabel+Type.m in Sources */ = {isa = PBXBuildFile; fileRef = 907771B21BE898A10076CBB2 /* UILabel+Type.m */; };
		907771B71BE8C3C90076CBB2 /* TimeflowTableViewCell.m in Sources */ = {isa = PBXBuildFile; fileRef = 907771B51BE8C3C90076CBB2 /* TimeflowTableViewCell.m */; };
		907771C41BE8C6F90076CBB2 /* MeViewController.m in Sources */ = {isa = PBXBuildFile; fileRef = 907771C31BE8C6F90076CBB2 /* MeViewController.m */; };
		907771C71BE8C7200076CBB2 /* LearnViewController.m in Sources */ = {isa = PBXBuildFile; fileRef = 907771C61BE8C7200076CBB2 /* LearnViewController.m */; };
		90B550961BE9B51600CFE9F4 /* Reachability.m in Sources */ = {isa = PBXBuildFile; fileRef = 90B550951BE9B51600CFE9F4 /* Reachability.m */; settings = {ASSET_TAGS = (); }; };
		90B5509A1BE9E91400CFE9F4 /* LookTableViewCell.m in Sources */ = {isa = PBXBuildFile; fileRef = 90B550981BE9E91400CFE9F4 /* LookTableViewCell.m */; settings = {ASSET_TAGS = (); }; };
		90B5509B1BE9E91400CFE9F4 /* LookTableViewCell.xib in Resources */ = {isa = PBXBuildFile; fileRef = 90B550991BE9E91400CFE9F4 /* LookTableViewCell.xib */; settings = {ASSET_TAGS = (); }; };
		90B5509E1BE9EBE900CFE9F4 /* BasicTableViewCell.m in Sources */ = {isa = PBXBuildFile; fileRef = 90B5509D1BE9EBE900CFE9F4 /* BasicTableViewCell.m */; settings = {ASSET_TAGS = (); }; };
		90B550A11BEA0C3800CFE9F4 /* RootHeaderView.m in Sources */ = {isa = PBXBuildFile; fileRef = 90B550A01BEA0C3700CFE9F4 /* RootHeaderView.m */; settings = {ASSET_TAGS = (); }; };
		90BF026C1BE7002D006A84C0 /* main.m in Sources */ = {isa = PBXBuildFile; fileRef = 90BF026B1BE7002D006A84C0 /* main.m */; };
		90BF026F1BE7002D006A84C0 /* AppDelegate.m in Sources */ = {isa = PBXBuildFile; fileRef = 90BF026E1BE7002D006A84C0 /* AppDelegate.m */; };
		90BF02721BE7002D006A84C0 /* ViewController.m in Sources */ = {isa = PBXBuildFile; fileRef = 90BF02711BE7002D006A84C0 /* ViewController.m */; };
		90BF02751BE7002D006A84C0 /* Main.storyboard in Resources */ = {isa = PBXBuildFile; fileRef = 90BF02731BE7002D006A84C0 /* Main.storyboard */; };
		90BF02771BE7002D006A84C0 /* Assets.xcassets in Resources */ = {isa = PBXBuildFile; fileRef = 90BF02761BE7002D006A84C0 /* Assets.xcassets */; };
		90BF02A61BE7366D006A84C0 /* README.txt in Sources */ = {isa = PBXBuildFile; fileRef = 90BF02A51BE7366D006A84C0 /* README.txt */; };
/* End PBXBuildFile section */

/* Begin PBXFileReference section */
		904E6BC21BE90069002ADFFE /* TimeflowTableViewCell.xib */ = {isa = PBXFileReference; fileEncoding = 4; lastKnownFileType = file.xib; path = TimeflowTableViewCell.xib; sourceTree = "<group>"; };
		9071B5EE1BEB30F7004C78A1 /* TimeflowViewController.h */ = {isa = PBXFileReference; fileEncoding = 4; lastKnownFileType = sourcecode.c.h; path = TimeflowViewController.h; sourceTree = "<group>"; };
		9071B5EF1BEB30F7004C78A1 /* TimeflowViewController.m */ = {isa = PBXFileReference; fileEncoding = 4; lastKnownFileType = sourcecode.c.objc; path = TimeflowViewController.m; sourceTree = "<group>"; };
		9071B5F11BEB34C1004C78A1 /* FlowContentTableViewCell.h */ = {isa = PBXFileReference; fileEncoding = 4; lastKnownFileType = sourcecode.c.h; path = FlowContentTableViewCell.h; sourceTree = "<group>"; };
		9071B5F21BEB34C1004C78A1 /* FlowContentTableViewCell.m */ = {isa = PBXFileReference; fileEncoding = 4; lastKnownFileType = sourcecode.c.objc; path = FlowContentTableViewCell.m; sourceTree = "<group>"; };
		9071B5F61BEB38EB004C78A1 /* FlowContentTableViewCell.xib */ = {isa = PBXFileReference; fileEncoding = 4; lastKnownFileType = file.xib; path = FlowContentTableViewCell.xib; sourceTree = "<group>"; };
		907771881BE8600E0076CBB2 /* BasicNavigationController.h */ = {isa = PBXFileReference; fileEncoding = 4; lastKnownFileType = sourcecode.c.h; path = BasicNavigationController.h; sourceTree = "<group>"; };
		907771891BE8600E0076CBB2 /* BasicNavigationController.m */ = {isa = PBXFileReference; fileEncoding = 4; lastKnownFileType = sourcecode.c.objc; path = BasicNavigationController.m; sourceTree = "<group>"; };
		9077718A1BE8600E0076CBB2 /* BasicViewController.h */ = {isa = PBXFileReference; fileEncoding = 4; lastKnownFileType = sourcecode.c.h; path = BasicViewController.h; sourceTree = "<group>"; };
		9077718B1BE8600E0076CBB2 /* BasicViewController.m */ = {isa = PBXFileReference; fileEncoding = 4; lastKnownFileType = sourcecode.c.objc; path = BasicViewController.m; sourceTree = "<group>"; };
		9077718C1BE8600E0076CBB2 /* MainTabBarViewController.h */ = {isa = PBXFileReference; fileEncoding = 4; lastKnownFileType = sourcecode.c.h; path = MainTabBarViewController.h; sourceTree = "<group>"; };
		9077718D1BE8600E0076CBB2 /* MainTabBarViewController.m */ = {isa = PBXFileReference; fileEncoding = 4; lastKnownFileType = sourcecode.c.objc; path = MainTabBarViewController.m; sourceTree = "<group>"; };
		907771941BE861270076CBB2 /* LookViewController.h */ = {isa = PBXFileReference; fileEncoding = 4; lastKnownFileType = sourcecode.c.h; path = LookViewController.h; sourceTree = "<group>"; };
		907771951BE861270076CBB2 /* LookViewController.m */ = {isa = PBXFileReference; fileEncoding = 4; lastKnownFileType = sourcecode.c.objc; path = LookViewController.m; sourceTree = "<group>"; };
		9077719F1BE87D4B0076CBB2 /* UIView+Frame.h */ = {isa = PBXFileReference; fileEncoding = 4; lastKnownFileType = sourcecode.c.h; path = "UIView+Frame.h"; sourceTree = "<group>"; };
		907771A01BE87D4B0076CBB2 /* UIView+Frame.m */ = {isa = PBXFileReference; fileEncoding = 4; lastKnownFileType = sourcecode.c.objc; path = "UIView+Frame.m"; sourceTree = "<group>"; };
		907771A31BE87E820076CBB2 /* CommonMacros.h */ = {isa = PBXFileReference; fileEncoding = 4; lastKnownFileType = sourcecode.c.h; path = CommonMacros.h; sourceTree = "<group>"; };
		907771A51BE87F9E0076CBB2 /* PrefixHeader.pch */ = {isa = PBXFileReference; fileEncoding = 4; lastKnownFileType = sourcecode.c.h; path = PrefixHeader.pch; sourceTree = "<group>"; };
		907771A61BE884070076CBB2 /* message.wav */ = {isa = PBXFileReference; lastKnownFileType = audio.wav; path = message.wav; sourceTree = "<group>"; };
		907771A81BE8841D0076CBB2 /* scan.wav */ = {isa = PBXFileReference; lastKnownFileType = audio.wav; path = scan.wav; sourceTree = "<group>"; };
		907771AB1BE8859D0076CBB2 /* BasicView.h */ = {isa = PBXFileReference; fileEncoding = 4; lastKnownFileType = sourcecode.c.h; path = BasicView.h; sourceTree = "<group>"; };
		907771AC1BE8859D0076CBB2 /* BasicView.m */ = {isa = PBXFileReference; fileEncoding = 4; lastKnownFileType = sourcecode.c.objc; path = BasicView.m; sourceTree = "<group>"; };
		907771AE1BE894FA0076CBB2 /* UIFont+Type.h */ = {isa = PBXFileReference; fileEncoding = 4; lastKnownFileType = sourcecode.c.h; path = "UIFont+Type.h"; sourceTree = "<group>"; };
		907771AF1BE894FA0076CBB2 /* UIFont+Type.m */ = {isa = PBXFileReference; fileEncoding = 4; lastKnownFileType = sourcecode.c.objc; path = "UIFont+Type.m"; sourceTree = "<group>"; };
		907771B11BE898A10076CBB2 /* UILabel+Type.h */ = {isa = PBXFileReference; fileEncoding = 4; lastKnownFileType = sourcecode.c.h; path = "UILabel+Type.h"; sourceTree = "<group>"; };
		907771B21BE898A10076CBB2 /* UILabel+Type.m */ = {isa = PBXFileReference; fileEncoding = 4; lastKnownFileType = sourcecode.c.objc; path = "UILabel+Type.m"; sourceTree = "<group>"; };
		907771B41BE8C3C90076CBB2 /* TimeflowTableViewCell.h */ = {isa = PBXFileReference; fileEncoding = 4; lastKnownFileType = sourcecode.c.h; path = TimeflowTableViewCell.h; sourceTree = "<group>"; };
		907771B51BE8C3C90076CBB2 /* TimeflowTableViewCell.m */ = {isa = PBXFileReference; fileEncoding = 4; lastKnownFileType = sourcecode.c.objc; path = TimeflowTableViewCell.m; sourceTree = "<group>"; };
		907771C21BE8C6F90076CBB2 /* MeViewController.h */ = {isa = PBXFileReference; fileEncoding = 4; lastKnownFileType = sourcecode.c.h; path = MeViewController.h; sourceTree = "<group>"; };
		907771C31BE8C6F90076CBB2 /* MeViewController.m */ = {isa = PBXFileReference; fileEncoding = 4; lastKnownFileType = sourcecode.c.objc; path = MeViewController.m; sourceTree = "<group>"; };
		907771C51BE8C7200076CBB2 /* LearnViewController.h */ = {isa = PBXFileReference; fileEncoding = 4; lastKnownFileType = sourcecode.c.h; path = LearnViewController.h; sourceTree = "<group>"; };
		907771C61BE8C7200076CBB2 /* LearnViewController.m */ = {isa = PBXFileReference; fileEncoding = 4; lastKnownFileType = sourcecode.c.objc; path = LearnViewController.m; sourceTree = "<group>"; };
		90B550941BE9B51600CFE9F4 /* Reachability.h */ = {isa = PBXFileReference; fileEncoding = 4; lastKnownFileType = sourcecode.c.h; path = Reachability.h; sourceTree = "<group>"; };
		90B550951BE9B51600CFE9F4 /* Reachability.m */ = {isa = PBXFileReference; fileEncoding = 4; lastKnownFileType = sourcecode.c.objc; path = Reachability.m; sourceTree = "<group>"; };
		90B550971BE9E91400CFE9F4 /* LookTableViewCell.h */ = {isa = PBXFileReference; fileEncoding = 4; lastKnownFileType = sourcecode.c.h; path = LookTableViewCell.h; sourceTree = "<group>"; };
		90B550981BE9E91400CFE9F4 /* LookTableViewCell.m */ = {isa = PBXFileReference; fileEncoding = 4; lastKnownFileType = sourcecode.c.objc; path = LookTableViewCell.m; sourceTree = "<group>"; };
		90B550991BE9E91400CFE9F4 /* LookTableViewCell.xib */ = {isa = PBXFileReference; fileEncoding = 4; lastKnownFileType = file.xib; path = LookTableViewCell.xib; sourceTree = "<group>"; };
		90B5509C1BE9EBE900CFE9F4 /* BasicTableViewCell.h */ = {isa = PBXFileReference; fileEncoding = 4; lastKnownFileType = sourcecode.c.h; path = BasicTableViewCell.h; sourceTree = "<group>"; };
		90B5509D1BE9EBE900CFE9F4 /* BasicTableViewCell.m */ = {isa = PBXFileReference; fileEncoding = 4; lastKnownFileType = sourcecode.c.objc; path = BasicTableViewCell.m; sourceTree = "<group>"; };
		90B5509F1BEA0C3700CFE9F4 /* RootHeaderView.h */ = {isa = PBXFileReference; fileEncoding = 4; lastKnownFileType = sourcecode.c.h; path = RootHeaderView.h; sourceTree = "<group>"; };
		90B550A01BEA0C3700CFE9F4 /* RootHeaderView.m */ = {isa = PBXFileReference; fileEncoding = 4; lastKnownFileType = sourcecode.c.objc; path = RootHeaderView.m; sourceTree = "<group>"; };
		90BF02671BE7002D006A84C0 /* ChildFine.app */ = {isa = PBXFileReference; explicitFileType = wrapper.application; includeInIndex = 0; path = ChildFine.app; sourceTree = BUILT_PRODUCTS_DIR; };
		90BF026B1BE7002D006A84C0 /* main.m */ = {isa = PBXFileReference; lastKnownFileType = sourcecode.c.objc; path = main.m; sourceTree = "<group>"; };
		90BF026D1BE7002D006A84C0 /* AppDelegate.h */ = {isa = PBXFileReference; lastKnownFileType = sourcecode.c.h; path = AppDelegate.h; sourceTree = "<group>"; };
		90BF026E1BE7002D006A84C0 /* AppDelegate.m */ = {isa = PBXFileReference; lastKnownFileType = sourcecode.c.objc; path = AppDelegate.m; sourceTree = "<group>"; };
		90BF02701BE7002D006A84C0 /* ViewController.h */ = {isa = PBXFileReference; lastKnownFileType = sourcecode.c.h; path = ViewController.h; sourceTree = "<group>"; };
		90BF02711BE7002D006A84C0 /* ViewController.m */ = {isa = PBXFileReference; lastKnownFileType = sourcecode.c.objc; path = ViewController.m; sourceTree = "<group>"; };
		90BF02741BE7002D006A84C0 /* Base */ = {isa = PBXFileReference; lastKnownFileType = file.storyboard; name = Base; path = Base.lproj/Main.storyboard; sourceTree = "<group>"; };
		90BF02761BE7002D006A84C0 /* Assets.xcassets */ = {isa = PBXFileReference; lastKnownFileType = folder.assetcatalog; path = Assets.xcassets; sourceTree = "<group>"; };
		90BF027B1BE7002D006A84C0 /* Info.plist */ = {isa = PBXFileReference; lastKnownFileType = text.plist.xml; path = Info.plist; sourceTree = "<group>"; };
		90BF02A51BE7366D006A84C0 /* README.txt */ = {isa = PBXFileReference; fileEncoding = 4; lastKnownFileType = text; path = README.txt; sourceTree = "<group>"; };
/* End PBXFileReference section */

/* Begin PBXFrameworksBuildPhase section */
		90BF02641BE7002D006A84C0 /* Frameworks */ = {
			isa = PBXFrameworksBuildPhase;
			buildActionMask = 2147483647;
			files = (
			);
			runOnlyForDeploymentPostprocessing = 0;
		};
/* End PBXFrameworksBuildPhase section */

/* Begin PBXGroup section */
		9071B5F81BEB5511004C78A1 /* root */ = {
			isa = PBXGroup;
			children = (
				907771B41BE8C3C90076CBB2 /* TimeflowTableViewCell.h */,
				907771B51BE8C3C90076CBB2 /* TimeflowTableViewCell.m */,
				904E6BC21BE90069002ADFFE /* TimeflowTableViewCell.xib */,
				90B550971BE9E91400CFE9F4 /* LookTableViewCell.h */,
				90B550981BE9E91400CFE9F4 /* LookTableViewCell.m */,
				90B550991BE9E91400CFE9F4 /* LookTableViewCell.xib */,
				90B5509C1BE9EBE900CFE9F4 /* BasicTableViewCell.h */,
				90B5509D1BE9EBE900CFE9F4 /* BasicTableViewCell.m */,
			);
			name = root;
			sourceTree = "<group>";
		};
		907771871BE8600E0076CBB2 /* BasicController */ = {
			isa = PBXGroup;
			children = (
				9077718A1BE8600E0076CBB2 /* BasicViewController.h */,
				9077718B1BE8600E0076CBB2 /* BasicViewController.m */,
				907771881BE8600E0076CBB2 /* BasicNavigationController.h */,
				907771891BE8600E0076CBB2 /* BasicNavigationController.m */,
				9077718C1BE8600E0076CBB2 /* MainTabBarViewController.h */,
				9077718D1BE8600E0076CBB2 /* MainTabBarViewController.m */,
			);
			path = BasicController;
			sourceTree = "<group>";
		};
		907771911BE8611C0076CBB2 /* Model */ = {
			isa = PBXGroup;
			children = (
			);
			path = Model;
			sourceTree = "<group>";
		};
		907771921BE861220076CBB2 /* View */ = {
			isa = PBXGroup;
			children = (
				9071B5F81BEB5511004C78A1 /* root */,
				9071B5F11BEB34C1004C78A1 /* FlowContentTableViewCell.h */,
				9071B5F21BEB34C1004C78A1 /* FlowContentTableViewCell.m */,
				9071B5F61BEB38EB004C78A1 /* FlowContentTableViewCell.xib */,
			);
			path = View;
			sourceTree = "<group>";
		};
		907771931BE861270076CBB2 /* Controller */ = {
			isa = PBXGroup;
			children = (
				907771941BE861270076CBB2 /* LookViewController.h */,
				907771951BE861270076CBB2 /* LookViewController.m */,
				9071B5EE1BEB30F7004C78A1 /* TimeflowViewController.h */,
				9071B5EF1BEB30F7004C78A1 /* TimeflowViewController.m */,
			);
			path = Controller;
			sourceTree = "<group>";
		};
		907771971BE8614D0076CBB2 /* Other */ = {
			isa = PBXGroup;
			children = (
			);
			path = Other;
			sourceTree = "<group>";
		};
		9077719E1BE87D0A0076CBB2 /* Category */ = {
			isa = PBXGroup;
			children = (
				9077719F1BE87D4B0076CBB2 /* UIView+Frame.h */,
				907771A01BE87D4B0076CBB2 /* UIView+Frame.m */,
				907771AE1BE894FA0076CBB2 /* UIFont+Type.h */,
				907771AF1BE894FA0076CBB2 /* UIFont+Type.m */,
				907771B11BE898A10076CBB2 /* UILabel+Type.h */,
				907771B21BE898A10076CBB2 /* UILabel+Type.m */,
			);
			path = Category;
			sourceTree = "<group>";
		};
		907771A21BE87DFC0076CBB2 /* Macros */ = {
			isa = PBXGroup;
			children = (
				907771A31BE87E820076CBB2 /* CommonMacros.h */,
			);
			path = Macros;
			sourceTree = "<group>";
		};
		907771AA1BE885830076CBB2 /* BasicView */ = {
			isa = PBXGroup;
			children = (
				907771AB1BE8859D0076CBB2 /* BasicView.h */,
				907771AC1BE8859D0076CBB2 /* BasicView.m */,
			);
			path = BasicView;
			sourceTree = "<group>";
		};
		907771B91BE8C61B0076CBB2 /* Model */ = {
			isa = PBXGroup;
			children = (
			);
			path = Model;
			sourceTree = "<group>";
		};
		907771BA1BE8C6230076CBB2 /* View */ = {
			isa = PBXGroup;
			children = (
			);
			path = View;
			sourceTree = "<group>";
		};
		907771BB1BE8C6290076CBB2 /* Controller */ = {
			isa = PBXGroup;
			children = (
				907771C51BE8C7200076CBB2 /* LearnViewController.h */,
				907771C61BE8C7200076CBB2 /* LearnViewController.m */,
			);
			path = Controller;
			sourceTree = "<group>";
		};
		907771BC1BE8C6510076CBB2 /* Other */ = {
			isa = PBXGroup;
			children = (
			);
			name = Other;
			path = Model/Other;
			sourceTree = "<group>";
		};
		907771BD1BE8C6AA0076CBB2 /* Me */ = {
			isa = PBXGroup;
			children = (
				907771BE1BE8C6AA0076CBB2 /* Controller */,
				907771BF1BE8C6AA0076CBB2 /* Model */,
				907771C11BE8C6AA0076CBB2 /* View */,
				907771C01BE8C6AA0076CBB2 /* Other */,
			);
			path = Me;
			sourceTree = "<group>";
		};
		907771BE1BE8C6AA0076CBB2 /* Controller */ = {
			isa = PBXGroup;
			children = (
				907771C21BE8C6F90076CBB2 /* MeViewController.h */,
				907771C31BE8C6F90076CBB2 /* MeViewController.m */,
			);
			path = Controller;
			sourceTree = "<group>";
		};
		907771BF1BE8C6AA0076CBB2 /* Model */ = {
			isa = PBXGroup;
			children = (
			);
			path = Model;
			sourceTree = "<group>";
		};
		907771C01BE8C6AA0076CBB2 /* Other */ = {
			isa = PBXGroup;
			children = (
			);
			path = Other;
			sourceTree = "<group>";
		};
		907771C11BE8C6AA0076CBB2 /* View */ = {
			isa = PBXGroup;
			children = (
			);
			path = View;
			sourceTree = "<group>";
		};
		90B550931BE9B50F00CFE9F4 /* Reachability */ = {
			isa = PBXGroup;
			children = (
				90B550941BE9B51600CFE9F4 /* Reachability.h */,
				90B550951BE9B51600CFE9F4 /* Reachability.m */,
			);
			path = Reachability;
			sourceTree = "<group>";
		};
		90BF025E1BE7002D006A84C0 = {
			isa = PBXGroup;
			children = (
				90BF02691BE7002D006A84C0 /* ChildFine */,
				90BF02681BE7002D006A84C0 /* Products */,
			);
			sourceTree = "<group>";
		};
		90BF02681BE7002D006A84C0 /* Products */ = {
			isa = PBXGroup;
			children = (
				90BF02671BE7002D006A84C0 /* ChildFine.app */,
			);
			name = Products;
			sourceTree = "<group>";
		};
		90BF02691BE7002D006A84C0 /* ChildFine */ = {
			isa = PBXGroup;
			children = (
				90BF02A51BE7366D006A84C0 /* README.txt */,
				90BF029B1BE71265006A84C0 /* Main */,
				90BF029A1BE71209006A84C0 /* Expand */,
				90BF02991BE71200006A84C0 /* Resource */,
				90BF02981BE711EF006A84C0 /* Vender */,
				90BF026D1BE7002D006A84C0 /* AppDelegate.h */,
				90BF026E1BE7002D006A84C0 /* AppDelegate.m */,
				90BF02701BE7002D006A84C0 /* ViewController.h */,
				90BF02711BE7002D006A84C0 /* ViewController.m */,
				90BF02731BE7002D006A84C0 /* Main.storyboard */,
				90BF02761BE7002D006A84C0 /* Assets.xcassets */,
				90BF027B1BE7002D006A84C0 /* Info.plist */,
				90BF026A1BE7002D006A84C0 /* Supporting Files */,
			);
			path = ChildFine;
			sourceTree = "<group>";
		};
		90BF026A1BE7002D006A84C0 /* Supporting Files */ = {
			isa = PBXGroup;
			children = (
				90BF026B1BE7002D006A84C0 /* main.m */,
			);
			name = "Supporting Files";
			sourceTree = "<group>";
		};
		90BF02981BE711EF006A84C0 /* Vender */ = {
			isa = PBXGroup;
			children = (
				90B550931BE9B50F00CFE9F4 /* Reachability */,
			);
			path = Vender;
			sourceTree = "<group>";
		};
		90BF02991BE71200006A84C0 /* Resource */ = {
			isa = PBXGroup;
			children = (
				907771A81BE8841D0076CBB2 /* scan.wav */,
				907771A61BE884070076CBB2 /* message.wav */,
				907771A51BE87F9E0076CBB2 /* PrefixHeader.pch */,
			);
			path = Resource;
			sourceTree = "<group>";
		};
		90BF029A1BE71209006A84C0 /* Expand */ = {
			isa = PBXGroup;
			children = (
				907771A21BE87DFC0076CBB2 /* Macros */,
				9077719E1BE87D0A0076CBB2 /* Category */,
			);
			path = Expand;
			sourceTree = "<group>";
		};
		90BF029B1BE71265006A84C0 /* Main */ = {
			isa = PBXGroup;
			children = (
				90BF029D1BE71265006A84C0 /* Look */,
				90BF029C1BE71265006A84C0 /* Learn */,
				907771BD1BE8C6AA0076CBB2 /* Me */,
				90BF029F1BE71265006A84C0 /* Other */,
			);
			path = Main;
			sourceTree = "<group>";
		};
		90BF029C1BE71265006A84C0 /* Learn */ = {
			isa = PBXGroup;
			children = (
				907771BB1BE8C6290076CBB2 /* Controller */,
				907771BA1BE8C6230076CBB2 /* View */,
				907771B91BE8C61B0076CBB2 /* Model */,
				907771BC1BE8C6510076CBB2 /* Other */,
			);
			path = Learn;
			sourceTree = "<group>";
		};
		90BF029D1BE71265006A84C0 /* Look */ = {
			isa = PBXGroup;
			children = (
				907771911BE8611C0076CBB2 /* Model */,
				907771921BE861220076CBB2 /* View */,
				907771931BE861270076CBB2 /* Controller */,
				907771971BE8614D0076CBB2 /* Other */,
			);
			path = Look;
			sourceTree = "<group>";
		};
		90BF029F1BE71265006A84C0 /* Other */ = {
			isa = PBXGroup;
			children = (
				90B5509F1BEA0C3700CFE9F4 /* RootHeaderView.h */,
				90B550A01BEA0C3700CFE9F4 /* RootHeaderView.m */,
				907771AA1BE885830076CBB2 /* BasicView */,
				907771871BE8600E0076CBB2 /* BasicController */,
			);
			path = Other;
			sourceTree = "<group>";
		};
/* End PBXGroup section */

/* Begin PBXNativeTarget section */
		90BF02661BE7002D006A84C0 /* ChildFine */ = {
			isa = PBXNativeTarget;
			buildConfigurationList = 90BF027E1BE7002D006A84C0 /* Build configuration list for PBXNativeTarget "ChildFine" */;
			buildPhases = (
				90BF02631BE7002D006A84C0 /* Sources */,
				90BF02641BE7002D006A84C0 /* Frameworks */,
				90BF02651BE7002D006A84C0 /* Resources */,
			);
			buildRules = (
			);
			dependencies = (
			);
			name = ChildFine;
			productName = ChildFine;
			productReference = 90BF02671BE7002D006A84C0 /* ChildFine.app */;
			productType = "com.apple.product-type.application";
		};
/* End PBXNativeTarget section */

/* Begin PBXProject section */
		90BF025F1BE7002D006A84C0 /* Project object */ = {
			isa = PBXProject;
			attributes = {
				LastUpgradeCheck = 0700;
				ORGANIZATIONNAME = xian;
				TargetAttributes = {
					90BF02661BE7002D006A84C0 = {
						CreatedOnToolsVersion = 7.0.1;
					};
				};
			};
			buildConfigurationList = 90BF02621BE7002D006A84C0 /* Build configuration list for PBXProject "ChildFine" */;
			compatibilityVersion = "Xcode 3.2";
			developmentRegion = English;
			hasScannedForEncodings = 0;
			knownRegions = (
				en,
				Base,
			);
			mainGroup = 90BF025E1BE7002D006A84C0;
			productRefGroup = 90BF02681BE7002D006A84C0 /* Products */;
			projectDirPath = "";
			projectRoot = "";
			targets = (
				90BF02661BE7002D006A84C0 /* ChildFine */,
			);
		};
/* End PBXProject section */

/* Begin PBXResourcesBuildPhase section */
		90BF02651BE7002D006A84C0 /* Resources */ = {
			isa = PBXResourcesBuildPhase;
			buildActionMask = 2147483647;
			files = (
				90BF02771BE7002D006A84C0 /* Assets.xcassets in Resources */,
				907771A91BE8841D0076CBB2 /* scan.wav in Resources */,
				90B5509B1BE9E91400CFE9F4 /* LookTableViewCell.xib in Resources */,
				90BF02751BE7002D006A84C0 /* Main.storyboard in Resources */,
				9071B5F71BEB38EB004C78A1 /* FlowContentTableViewCell.xib in Resources */,
				904E6BC31BE90069002ADFFE /* TimeflowTableViewCell.xib in Resources */,
				907771A71BE884070076CBB2 /* message.wav in Resources */,
			);
			runOnlyForDeploymentPostprocessing = 0;
		};
/* End PBXResourcesBuildPhase section */

/* Begin PBXSourcesBuildPhase section */
		90BF02631BE7002D006A84C0 /* Sources */ = {
			isa = PBXSourcesBuildPhase;
			buildActionMask = 2147483647;
			files = (
				9077718E1BE8600E0076CBB2 /* BasicNavigationController.m in Sources */,
				90BF02721BE7002D006A84C0 /* ViewController.m in Sources */,
				907771A41BE87E820076CBB2 /* CommonMacros.h in Sources */,
				90B5509E1BE9EBE900CFE9F4 /* BasicTableViewCell.m in Sources */,
				907771961BE861270076CBB2 /* LookViewController.m in Sources */,
				9071B5F41BEB34C1004C78A1 /* FlowContentTableViewCell.m in Sources */,
				90BF026F1BE7002D006A84C0 /* AppDelegate.m in Sources */,
				907771B01BE894FA0076CBB2 /* UIFont+Type.m in Sources */,
				90B550A11BEA0C3800CFE9F4 /* RootHeaderView.m in Sources */,
				90B5509A1BE9E91400CFE9F4 /* LookTableViewCell.m in Sources */,
				9077718F1BE8600E0076CBB2 /* BasicViewController.m in Sources */,
				907771B71BE8C3C90076CBB2 /* TimeflowTableViewCell.m in Sources */,
				907771B31BE898A10076CBB2 /* UILabel+Type.m in Sources */,
				907771901BE8600E0076CBB2 /* MainTabBarViewController.m in Sources */,
				90BF026C1BE7002D006A84C0 /* main.m in Sources */,
				907771A11BE87D4B0076CBB2 /* UIView+Frame.m in Sources */,
				90BF02A61BE7366D006A84C0 /* README.txt in Sources */,
				907771C71BE8C7200076CBB2 /* LearnViewController.m in Sources */,
				907771C41BE8C6F90076CBB2 /* MeViewController.m in Sources */,
				90B550961BE9B51600CFE9F4 /* Reachability.m in Sources */,
				907771AD1BE8859D0076CBB2 /* BasicView.m in Sources */,
				9071B5F01BEB30F7004C78A1 /* TimeflowViewController.m in Sources */,
			);
			runOnlyForDeploymentPostprocessing = 0;
		};
/* End PBXSourcesBuildPhase section */

/* Begin PBXVariantGroup section */
		90BF02731BE7002D006A84C0 /* Main.storyboard */ = {
			isa = PBXVariantGroup;
			children = (
				90BF02741BE7002D006A84C0 /* Base */,
			);
			name = Main.storyboard;
			sourceTree = "<group>";
		};
/* End PBXVariantGroup section */

/* Begin XCBuildConfiguration section */
		90BF027C1BE7002D006A84C0 /* Debug */ = {
			isa = XCBuildConfiguration;
			buildSettings = {
				ALWAYS_SEARCH_USER_PATHS = NO;
				CLANG_CXX_LANGUAGE_STANDARD = "gnu++0x";
				CLANG_CXX_LIBRARY = "libc++";
				CLANG_ENABLE_MODULES = YES;
				CLANG_ENABLE_OBJC_ARC = YES;
				CLANG_WARN_BOOL_CONVERSION = YES;
				CLANG_WARN_CONSTANT_CONVERSION = YES;
				CLANG_WARN_DIRECT_OBJC_ISA_USAGE = YES_ERROR;
				CLANG_WARN_EMPTY_BODY = YES;
				CLANG_WARN_ENUM_CONVERSION = YES;
				CLANG_WARN_INT_CONVERSION = YES;
				CLANG_WARN_OBJC_ROOT_CLASS = YES_ERROR;
				CLANG_WARN_UNREACHABLE_CODE = YES;
				CLANG_WARN__DUPLICATE_METHOD_MATCH = YES;
				"CODE_SIGN_IDENTITY[sdk=iphoneos*]" = "iPhone Developer";
				COPY_PHASE_STRIP = NO;
				DEBUG_INFORMATION_FORMAT = dwarf;
				ENABLE_STRICT_OBJC_MSGSEND = YES;
				ENABLE_TESTABILITY = YES;
				GCC_C_LANGUAGE_STANDARD = gnu99;
				GCC_DYNAMIC_NO_PIC = NO;
				GCC_NO_COMMON_BLOCKS = YES;
				GCC_OPTIMIZATION_LEVEL = 0;
				GCC_PREPROCESSOR_DEFINITIONS = (
					"DEBUG=1",
					"$(inherited)",
				);
				GCC_WARN_64_TO_32_BIT_CONVERSION = YES;
				GCC_WARN_ABOUT_RETURN_TYPE = YES_ERROR;
				GCC_WARN_UNDECLARED_SELECTOR = YES;
				GCC_WARN_UNINITIALIZED_AUTOS = YES_AGGRESSIVE;
				GCC_WARN_UNUSED_FUNCTION = YES;
				GCC_WARN_UNUSED_VARIABLE = YES;
				IPHONEOS_DEPLOYMENT_TARGET = 9.0;
				MTL_ENABLE_DEBUG_INFO = YES;
				ONLY_ACTIVE_ARCH = YES;
				SDKROOT = iphoneos;
				TARGETED_DEVICE_FAMILY = "1,2";
			};
			name = Debug;
		};
		90BF027D1BE7002D006A84C0 /* Release */ = {
			isa = XCBuildConfiguration;
			buildSettings = {
				ALWAYS_SEARCH_USER_PATHS = NO;
				CLANG_CXX_LANGUAGE_STANDARD = "gnu++0x";
				CLANG_CXX_LIBRARY = "libc++";
				CLANG_ENABLE_MODULES = YES;
				CLANG_ENABLE_OBJC_ARC = YES;
				CLANG_WARN_BOOL_CONVERSION = YES;
				CLANG_WARN_CONSTANT_CONVERSION = YES;
				CLANG_WARN_DIRECT_OBJC_ISA_USAGE = YES_ERROR;
				CLANG_WARN_EMPTY_BODY = YES;
				CLANG_WARN_ENUM_CONVERSION = YES;
				CLANG_WARN_INT_CONVERSION = YES;
				CLANG_WARN_OBJC_ROOT_CLASS = YES_ERROR;
				CLANG_WARN_UNREACHABLE_CODE = YES;
				CLANG_WARN__DUPLICATE_METHOD_MATCH = YES;
				"CODE_SIGN_IDENTITY[sdk=iphoneos*]" = "iPhone Developer";
				COPY_PHASE_STRIP = NO;
				DEBUG_INFORMATION_FORMAT = "dwarf-with-dsym";
				ENABLE_NS_ASSERTIONS = NO;
				ENABLE_STRICT_OBJC_MSGSEND = YES;
				GCC_C_LANGUAGE_STANDARD = gnu99;
				GCC_NO_COMMON_BLOCKS = YES;
				GCC_WARN_64_TO_32_BIT_CONVERSION = YES;
				GCC_WARN_ABOUT_RETURN_TYPE = YES_ERROR;
				GCC_WARN_UNDECLARED_SELECTOR = YES;
				GCC_WARN_UNINITIALIZED_AUTOS = YES_AGGRESSIVE;
				GCC_WARN_UNUSED_FUNCTION = YES;
				GCC_WARN_UNUSED_VARIABLE = YES;
				IPHONEOS_DEPLOYMENT_TARGET = 9.0;
				MTL_ENABLE_DEBUG_INFO = NO;
				SDKROOT = iphoneos;
				TARGETED_DEVICE_FAMILY = "1,2";
				VALIDATE_PRODUCT = YES;
			};
			name = Release;
		};
		90BF027F1BE7002D006A84C0 /* Debug */ = {
			isa = XCBuildConfiguration;
			buildSettings = {
				ASSETCATALOG_COMPILER_APPICON_NAME = AppIcon;
				ASSETCATALOG_COMPILER_LAUNCHIMAGE_NAME = LaunchImage;
				GCC_PREFIX_HEADER = ChildFine/Resource/PrefixHeader.pch;
				INFOPLIST_FILE = ChildFine/Info.plist;
				IPHONEOS_DEPLOYMENT_TARGET = 8.0;
				LD_RUNPATH_SEARCH_PATHS = "$(inherited) @executable_path/Frameworks";
				PRODUCT_BUNDLE_IDENTIFIER = com.test.com.ChildFine;
				PRODUCT_NAME = "$(TARGET_NAME)";
				TARGETED_DEVICE_FAMILY = 1;
			};
			name = Debug;
		};
		90BF02801BE7002D006A84C0 /* Release */ = {
			isa = XCBuildConfiguration;
			buildSettings = {
				ASSETCATALOG_COMPILER_APPICON_NAME = AppIcon;
				ASSETCATALOG_COMPILER_LAUNCHIMAGE_NAME = LaunchImage;
				GCC_PREFIX_HEADER = ChildFine/Resource/PrefixHeader.pch;
				INFOPLIST_FILE = ChildFine/Info.plist;
				IPHONEOS_DEPLOYMENT_TARGET = 8.0;
				LD_RUNPATH_SEARCH_PATHS = "$(inherited) @executable_path/Frameworks";
				PRODUCT_BUNDLE_IDENTIFIER = com.test.com.ChildFine;
				PRODUCT_NAME = "$(TARGET_NAME)";
				TARGETED_DEVICE_FAMILY = 1;
			};
			name = Release;
		};
/* End XCBuildConfiguration section */

/* Begin XCConfigurationList section */
		90BF02621BE7002D006A84C0 /* Build configuration list for PBXProject "ChildFine" */ = {
			isa = XCConfigurationList;
			buildConfigurations = (
				90BF027C1BE7002D006A84C0 /* Debug */,
				90BF027D1BE7002D006A84C0 /* Release */,
			);
			defaultConfigurationIsVisible = 0;
			defaultConfigurationName = Release;
		};
		90BF027E1BE7002D006A84C0 /* Build configuration list for PBXNativeTarget "ChildFine" */ = {
			isa = XCConfigurationList;
			buildConfigurations = (
				90BF027F1BE7002D006A84C0 /* Debug */,
				90BF02801BE7002D006A84C0 /* Release */,
			);
			defaultConfigurationIsVisible = 0;
			defaultConfigurationName = Release;
		};
/* End XCConfigurationList section */
	};
	rootObject = 90BF025F1BE7002D006A84C0 /* Project object */;
}
